// !$*UTF8*$!
{
	archiveVersion = 1;
	classes = {
	};
	objectVersion = 56;
	objects = {

/* Begin PBXBuildFile section */
		8E47FF572B1E4C02002D6CE6 /* AppDelegate.swift in Sources */ = {isa = PBXBuildFile; fileRef = 8E47FF562B1E4C02002D6CE6 /* AppDelegate.swift */; };
		8E47FF592B1E4C02002D6CE6 /* SceneDelegate.swift in Sources */ = {isa = PBXBuildFile; fileRef = 8E47FF582B1E4C02002D6CE6 /* SceneDelegate.swift */; };
		8E47FF5B2B1E4C02002D6CE6 /* FibonacciViewController.swift in Sources */ = {isa = PBXBuildFile; fileRef = 8E47FF5A2B1E4C02002D6CE6 /* FibonacciViewController.swift */; };
		8E47FF602B1E4C04002D6CE6 /* Assets.xcassets in Resources */ = {isa = PBXBuildFile; fileRef = 8E47FF5F2B1E4C04002D6CE6 /* Assets.xcassets */; };
		8E47FF632B1E4C04002D6CE6 /* LaunchScreen.storyboard in Resources */ = {isa = PBXBuildFile; fileRef = 8E47FF612B1E4C04002D6CE6 /* LaunchScreen.storyboard */; };
		8EB909B82D4799E1003FFF7A /* NetworkService.swift in Sources */ = {isa = PBXBuildFile; fileRef = 8EB909B72D4799E1003FFF7A /* NetworkService.swift */; };
		8EB909BB2D479A20003FFF7A /* User.swift in Sources */ = {isa = PBXBuildFile; fileRef = 8EB909BA2D479A1F003FFF7A /* User.swift */; };
		8EB909BD2D479A2C003FFF7A /* UserViewModel.swift in Sources */ = {isa = PBXBuildFile; fileRef = 8EB909BC2D479A2C003FFF7A /* UserViewModel.swift */; };
		8EB909BF2D479A3C003FFF7A /* UsersTableViewController.swift in Sources */ = {isa = PBXBuildFile; fileRef = 8EB909BE2D479A3C003FFF7A /* UsersTableViewController.swift */; };
		8EB909C42D479ABD003FFF7A /* FibonacciViewModel.swift in Sources */ = {isa = PBXBuildFile; fileRef = 8EB909C32D479ABD003FFF7A /* FibonacciViewModel.swift */; };
		8EB909C62D479AD9003FFF7A /* FibonacciDetailViewController.swift in Sources */ = {isa = PBXBuildFile; fileRef = 8EB909C52D479AD9003FFF7A /* FibonacciDetailViewController.swift */; };
		8EB909C82D479B2D003FFF7A /* FibonacciDetailViewModel.swift in Sources */ = {isa = PBXBuildFile; fileRef = 8EB909C72D479B2D003FFF7A /* FibonacciDetailViewModel.swift */; };
		8EB909CA2D479B9F003FFF7A /* FibonacciCell.swift in Sources */ = {isa = PBXBuildFile; fileRef = 8EB909C92D479B9F003FFF7A /* FibonacciCell.swift */; };
		8EB909D02D47A104003FFF7A /* UIView+Bond.swift in Sources */ = {isa = PBXBuildFile; fileRef = 8EB909CF2D47A104003FFF7A /* UIView+Bond.swift */; };
		8EB909D42D47AD4D003FFF7A /* UserResponse.swift in Sources */ = {isa = PBXBuildFile; fileRef = 8EB909D32D47AD4D003FFF7A /* UserResponse.swift */; };
		8EB909D82D47B70F003FFF7A /* UserCell.swift in Sources */ = {isa = PBXBuildFile; fileRef = 8EB909D72D47B70F003FFF7A /* UserCell.swift */; };
		8EB909DC2D47BC78003FFF7A /* MenuSwiftUIView.swift in Sources */ = {isa = PBXBuildFile; fileRef = 8EB909DB2D47BC78003FFF7A /* MenuSwiftUIView.swift */; };
		8EB909DF2D47BE4B003FFF7A /* UserTableViewControllerWrapper.swift in Sources */ = {isa = PBXBuildFile; fileRef = 8EB909DE2D47BE4B003FFF7A /* UserTableViewControllerWrapper.swift */; };
		8EB909E12D47BF65003FFF7A /* FibonacciViewControllerWrapper.swift in Sources */ = {isa = PBXBuildFile; fileRef = 8EB909E02D47BF65003FFF7A /* FibonacciViewControllerWrapper.swift */; };
		8EB909E92D47D3C5003FFF7A /* UserViewModelTests.swift in Sources */ = {isa = PBXBuildFile; fileRef = 8EB909E82D47D3C5003FFF7A /* UserViewModelTests.swift */; };
		8EB909F02D47D3DF003FFF7A /* FibonacciViewModelTests.swift in Sources */ = {isa = PBXBuildFile; fileRef = 8EB909EF2D47D3DF003FFF7A /* FibonacciViewModelTests.swift */; };
/* End PBXBuildFile section */

/* Begin PBXContainerItemProxy section */
		8EB909EA2D47D3C5003FFF7A /* PBXContainerItemProxy */ = {
			isa = PBXContainerItemProxy;
			containerPortal = 8E47FF4B2B1E4C02002D6CE6 /* Project object */;
			proxyType = 1;
			remoteGlobalIDString = 8E47FF522B1E4C02002D6CE6;
			remoteInfo = TableViewTest;
		};
/* End PBXContainerItemProxy section */

/* Begin PBXFileReference section */
		8E47FF532B1E4C02002D6CE6 /* TableViewTest.app */ = {isa = PBXFileReference; explicitFileType = wrapper.application; includeInIndex = 0; path = TableViewTest.app; sourceTree = BUILT_PRODUCTS_DIR; };
		8E47FF562B1E4C02002D6CE6 /* AppDelegate.swift */ = {isa = PBXFileReference; lastKnownFileType = sourcecode.swift; path = AppDelegate.swift; sourceTree = "<group>"; };
		8E47FF582B1E4C02002D6CE6 /* SceneDelegate.swift */ = {isa = PBXFileReference; lastKnownFileType = sourcecode.swift; path = SceneDelegate.swift; sourceTree = "<group>"; };
		8E47FF5A2B1E4C02002D6CE6 /* FibonacciViewController.swift */ = {isa = PBXFileReference; lastKnownFileType = sourcecode.swift; path = FibonacciViewController.swift; sourceTree = "<group>"; };
		8E47FF5F2B1E4C04002D6CE6 /* Assets.xcassets */ = {isa = PBXFileReference; lastKnownFileType = folder.assetcatalog; path = Assets.xcassets; sourceTree = "<group>"; };
		8E47FF622B1E4C04002D6CE6 /* Base */ = {isa = PBXFileReference; lastKnownFileType = file.storyboard; name = Base; path = Base.lproj/LaunchScreen.storyboard; sourceTree = "<group>"; };
		8E47FF642B1E4C04002D6CE6 /* Info.plist */ = {isa = PBXFileReference; lastKnownFileType = text.plist.xml; path = Info.plist; sourceTree = "<group>"; };
		8EB909B72D4799E1003FFF7A /* NetworkService.swift */ = {isa = PBXFileReference; lastKnownFileType = sourcecode.swift; path = NetworkService.swift; sourceTree = "<group>"; };
		8EB909BA2D479A1F003FFF7A /* User.swift */ = {isa = PBXFileReference; lastKnownFileType = sourcecode.swift; path = User.swift; sourceTree = "<group>"; };
		8EB909BC2D479A2C003FFF7A /* UserViewModel.swift */ = {isa = PBXFileReference; lastKnownFileType = sourcecode.swift; path = UserViewModel.swift; sourceTree = "<group>"; };
		8EB909BE2D479A3C003FFF7A /* UsersTableViewController.swift */ = {isa = PBXFileReference; lastKnownFileType = sourcecode.swift; path = UsersTableViewController.swift; sourceTree = "<group>"; };
		8EB909C32D479ABD003FFF7A /* FibonacciViewModel.swift */ = {isa = PBXFileReference; lastKnownFileType = sourcecode.swift; path = FibonacciViewModel.swift; sourceTree = "<group>"; };
		8EB909C52D479AD9003FFF7A /* FibonacciDetailViewController.swift */ = {isa = PBXFileReference; lastKnownFileType = sourcecode.swift; path = FibonacciDetailViewController.swift; sourceTree = "<group>"; };
		8EB909C72D479B2D003FFF7A /* FibonacciDetailViewModel.swift */ = {isa = PBXFileReference; lastKnownFileType = sourcecode.swift; path = FibonacciDetailViewModel.swift; sourceTree = "<group>"; };
		8EB909C92D479B9F003FFF7A /* FibonacciCell.swift */ = {isa = PBXFileReference; lastKnownFileType = sourcecode.swift; path = FibonacciCell.swift; sourceTree = "<group>"; };
		8EB909CC2D47A071003FFF7A /* MyPlayground.playground */ = {isa = PBXFileReference; lastKnownFileType = file.playground; path = MyPlayground.playground; sourceTree = "<group>"; xcLanguageSpecificationIdentifier = xcode.lang.swift; };
		8EB909CF2D47A104003FFF7A /* UIView+Bond.swift */ = {isa = PBXFileReference; lastKnownFileType = sourcecode.swift; path = "UIView+Bond.swift"; sourceTree = "<group>"; };
		8EB909D32D47AD4D003FFF7A /* UserResponse.swift */ = {isa = PBXFileReference; lastKnownFileType = sourcecode.swift; path = UserResponse.swift; sourceTree = "<group>"; };
		8EB909D72D47B70F003FFF7A /* UserCell.swift */ = {isa = PBXFileReference; lastKnownFileType = sourcecode.swift; path = UserCell.swift; sourceTree = "<group>"; };
		8EB909DB2D47BC78003FFF7A /* MenuSwiftUIView.swift */ = {isa = PBXFileReference; lastKnownFileType = sourcecode.swift; path = MenuSwiftUIView.swift; sourceTree = "<group>"; };
		8EB909DE2D47BE4B003FFF7A /* UserTableViewControllerWrapper.swift */ = {isa = PBXFileReference; lastKnownFileType = sourcecode.swift; path = UserTableViewControllerWrapper.swift; sourceTree = "<group>"; };
		8EB909E02D47BF65003FFF7A /* FibonacciViewControllerWrapper.swift */ = {isa = PBXFileReference; lastKnownFileType = sourcecode.swift; path = FibonacciViewControllerWrapper.swift; sourceTree = "<group>"; };
		8EB909E62D47D3C5003FFF7A /* TableViewTestTests.xctest */ = {isa = PBXFileReference; explicitFileType = wrapper.cfbundle; includeInIndex = 0; path = TableViewTestTests.xctest; sourceTree = BUILT_PRODUCTS_DIR; };
		8EB909E82D47D3C5003FFF7A /* UserViewModelTests.swift */ = {isa = PBXFileReference; lastKnownFileType = sourcecode.swift; path = UserViewModelTests.swift; sourceTree = "<group>"; };
		8EB909EF2D47D3DF003FFF7A /* FibonacciViewModelTests.swift */ = {isa = PBXFileReference; lastKnownFileType = sourcecode.swift; path = FibonacciViewModelTests.swift; sourceTree = "<group>"; };
/* End PBXFileReference section */

/* Begin PBXFrameworksBuildPhase section */
		8E47FF502B1E4C02002D6CE6 /* Frameworks */ = {
			isa = PBXFrameworksBuildPhase;
			buildActionMask = 2147483647;
			files = (
			);
			runOnlyForDeploymentPostprocessing = 0;
		};
		8EB909E32D47D3C5003FFF7A /* Frameworks */ = {
			isa = PBXFrameworksBuildPhase;
			buildActionMask = 2147483647;
			files = (
			);
			runOnlyForDeploymentPostprocessing = 0;
		};
/* End PBXFrameworksBuildPhase section */

/* Begin PBXGroup section */
		8E47FF4A2B1E4C02002D6CE6 = {
			isa = PBXGroup;
			children = (
				8E47FF552B1E4C02002D6CE6 /* TableViewTest */,
				8EB909E72D47D3C5003FFF7A /* TableViewTestTests */,
				8E47FF542B1E4C02002D6CE6 /* Products */,
			);
			sourceTree = "<group>";
		};
		8E47FF542B1E4C02002D6CE6 /* Products */ = {
			isa = PBXGroup;
			children = (
				8E47FF532B1E4C02002D6CE6 /* TableViewTest.app */,
				8EB909E62D47D3C5003FFF7A /* TableViewTestTests.xctest */,
			);
			name = Products;
			sourceTree = "<group>";
		};
		8E47FF552B1E4C02002D6CE6 /* TableViewTest */ = {
			isa = PBXGroup;
			children = (
				8EB909D22D47ACDF003FFF7A /* Domain */,
				8EB909D12D47ACDA003FFF7A /* Presentation */,
				8EB909CD2D47A0E9003FFF7A /* Utils */,
				8EB909B62D4799CB003FFF7A /* Resources */,
				8EB909B52D4799A9003FFF7A /* Data */,
				8E47FF562B1E4C02002D6CE6 /* AppDelegate.swift */,
				8E47FF582B1E4C02002D6CE6 /* SceneDelegate.swift */,
				8E47FF612B1E4C04002D6CE6 /* LaunchScreen.storyboard */,
				8E47FF642B1E4C04002D6CE6 /* Info.plist */,
				8EB909CC2D47A071003FFF7A /* MyPlayground.playground */,
			);
			path = TableViewTest;
			sourceTree = "<group>";
		};
		8EB909B22D479950003FFF7A /* Models */ = {
			isa = PBXGroup;
			children = (
				8EB909BA2D479A1F003FFF7A /* User.swift */,
			);
			path = Models;
			sourceTree = "<group>";
		};
		8EB909B32D47995D003FFF7A /* Views */ = {
			isa = PBXGroup;
			children = (
				8EB909DB2D47BC78003FFF7A /* MenuSwiftUIView.swift */,
				8EB909DD2D47BDFB003FFF7A /* UIKitWrappers */,
				8EB909C12D479A95003FFF7A /* Fibonacci */,
				8EB909C02D479A8E003FFF7A /* User */,
			);
			path = Views;
			sourceTree = "<group>";
		};
		8EB909B42D479967003FFF7A /* ViewModels */ = {
			isa = PBXGroup;
			children = (
				8EB909CB2D479C0A003FFF7A /* User */,
				8EB909C22D479AB5003FFF7A /* Fibonacci */,
			);
			path = ViewModels;
			sourceTree = "<group>";
		};
		8EB909B52D4799A9003FFF7A /* Data */ = {
			isa = PBXGroup;
			children = (
				8EB909D62D47ADE9003FFF7A /* Network */,
				8EB909D52D47ADC5003FFF7A /* DataMapping */,
			);
			path = Data;
			sourceTree = "<group>";
		};
		8EB909B62D4799CB003FFF7A /* Resources */ = {
			isa = PBXGroup;
			children = (
				8E47FF5F2B1E4C04002D6CE6 /* Assets.xcassets */,
			);
			path = Resources;
			sourceTree = "<group>";
		};
		8EB909C02D479A8E003FFF7A /* User */ = {
			isa = PBXGroup;
			children = (
				8EB909BE2D479A3C003FFF7A /* UsersTableViewController.swift */,
				8EB909D72D47B70F003FFF7A /* UserCell.swift */,
			);
			path = User;
			sourceTree = "<group>";
		};
		8EB909C12D479A95003FFF7A /* Fibonacci */ = {
			isa = PBXGroup;
			children = (
				8E47FF5A2B1E4C02002D6CE6 /* FibonacciViewController.swift */,
				8EB909C92D479B9F003FFF7A /* FibonacciCell.swift */,
				8EB909C52D479AD9003FFF7A /* FibonacciDetailViewController.swift */,
			);
			path = Fibonacci;
			sourceTree = "<group>";
		};
		8EB909C22D479AB5003FFF7A /* Fibonacci */ = {
			isa = PBXGroup;
			children = (
				8EB909C32D479ABD003FFF7A /* FibonacciViewModel.swift */,
				8EB909C72D479B2D003FFF7A /* FibonacciDetailViewModel.swift */,
			);
			path = Fibonacci;
			sourceTree = "<group>";
		};
		8EB909CB2D479C0A003FFF7A /* User */ = {
			isa = PBXGroup;
			children = (
				8EB909BC2D479A2C003FFF7A /* UserViewModel.swift */,
			);
			path = User;
			sourceTree = "<group>";
		};
		8EB909CD2D47A0E9003FFF7A /* Utils */ = {
			isa = PBXGroup;
			children = (
				8EB909CE2D47A0F1003FFF7A /* Extensions */,
			);
			path = Utils;
			sourceTree = "<group>";
		};
		8EB909CE2D47A0F1003FFF7A /* Extensions */ = {
			isa = PBXGroup;
			children = (
				8EB909CF2D47A104003FFF7A /* UIView+Bond.swift */,
			);
			path = Extensions;
			sourceTree = "<group>";
		};
		8EB909D12D47ACDA003FFF7A /* Presentation */ = {
			isa = PBXGroup;
			children = (
				8EB909B42D479967003FFF7A /* ViewModels */,
				8EB909B32D47995D003FFF7A /* Views */,
			);
			path = Presentation;
			sourceTree = "<group>";
		};
		8EB909D22D47ACDF003FFF7A /* Domain */ = {
			isa = PBXGroup;
			children = (
				8EB909B22D479950003FFF7A /* Models */,
			);
			path = Domain;
			sourceTree = "<group>";
		};
		8EB909D52D47ADC5003FFF7A /* DataMapping */ = {
			isa = PBXGroup;
			children = (
				8EB909D32D47AD4D003FFF7A /* UserResponse.swift */,
			);
			path = DataMapping;
			sourceTree = "<group>";
		};
		8EB909D62D47ADE9003FFF7A /* Network */ = {
			isa = PBXGroup;
			children = (
				8EB909B72D4799E1003FFF7A /* NetworkService.swift */,
			);
			path = Network;
			sourceTree = "<group>";
		};
		8EB909DD2D47BDFB003FFF7A /* UIKitWrappers */ = {
			isa = PBXGroup;
			children = (
				8EB909DE2D47BE4B003FFF7A /* UserTableViewControllerWrapper.swift */,
				8EB909E02D47BF65003FFF7A /* FibonacciViewControllerWrapper.swift */,
			);
			path = UIKitWrappers;
			sourceTree = "<group>";
		};
		8EB909E72D47D3C5003FFF7A /* TableViewTestTests */ = {
			isa = PBXGroup;
			children = (
				8EB909E82D47D3C5003FFF7A /* UserViewModelTests.swift */,
				8EB909EF2D47D3DF003FFF7A /* FibonacciViewModelTests.swift */,
			);
			path = TableViewTestTests;
			sourceTree = "<group>";
		};
/* End PBXGroup section */

/* Begin PBXNativeTarget section */
		8E47FF522B1E4C02002D6CE6 /* TableViewTest */ = {
			isa = PBXNativeTarget;
			buildConfigurationList = 8E47FF672B1E4C04002D6CE6 /* Build configuration list for PBXNativeTarget "TableViewTest" */;
			buildPhases = (
				8E47FF4F2B1E4C02002D6CE6 /* Sources */,
				8E47FF502B1E4C02002D6CE6 /* Frameworks */,
				8E47FF512B1E4C02002D6CE6 /* Resources */,
			);
			buildRules = (
			);
			dependencies = (
			);
			name = TableViewTest;
			productName = TableViewTest;
			productReference = 8E47FF532B1E4C02002D6CE6 /* TableViewTest.app */;
			productType = "com.apple.product-type.application";
		};
		8EB909E52D47D3C5003FFF7A /* TableViewTestTests */ = {
			isa = PBXNativeTarget;
			buildConfigurationList = 8EB909EC2D47D3C5003FFF7A /* Build configuration list for PBXNativeTarget "TableViewTestTests" */;
			buildPhases = (
				8EB909E22D47D3C5003FFF7A /* Sources */,
				8EB909E32D47D3C5003FFF7A /* Frameworks */,
				8EB909E42D47D3C5003FFF7A /* Resources */,
			);
			buildRules = (
			);
			dependencies = (
				8EB909EB2D47D3C5003FFF7A /* PBXTargetDependency */,
			);
			name = TableViewTestTests;
			productName = TableViewTestTests;
			productReference = 8EB909E62D47D3C5003FFF7A /* TableViewTestTests.xctest */;
			productType = "com.apple.product-type.bundle.unit-test";
		};
/* End PBXNativeTarget section */

/* Begin PBXProject section */
		8E47FF4B2B1E4C02002D6CE6 /* Project object */ = {
			isa = PBXProject;
			attributes = {
				BuildIndependentTargetsInParallel = 1;
				LastSwiftUpdateCheck = 1540;
				LastUpgradeCheck = 1420;
				TargetAttributes = {
					8E47FF522B1E4C02002D6CE6 = {
						CreatedOnToolsVersion = 14.2;
					};
					8EB909E52D47D3C5003FFF7A = {
						CreatedOnToolsVersion = 15.4;
						TestTargetID = 8E47FF522B1E4C02002D6CE6;
					};
				};
			};
			buildConfigurationList = 8E47FF4E2B1E4C02002D6CE6 /* Build configuration list for PBXProject "TableViewTest" */;
			compatibilityVersion = "Xcode 14.0";
			developmentRegion = en;
			hasScannedForEncodings = 0;
			knownRegions = (
				en,
				Base,
			);
			mainGroup = 8E47FF4A2B1E4C02002D6CE6;
			productRefGroup = 8E47FF542B1E4C02002D6CE6 /* Products */;
			projectDirPath = "";
			projectRoot = "";
			targets = (
				8E47FF522B1E4C02002D6CE6 /* TableViewTest */,
				8EB909E52D47D3C5003FFF7A /* TableViewTestTests */,
			);
		};
/* End PBXProject section */

/* Begin PBXResourcesBuildPhase section */
		8E47FF512B1E4C02002D6CE6 /* Resources */ = {
			isa = PBXResourcesBuildPhase;
			buildActionMask = 2147483647;
			files = (
				8E47FF632B1E4C04002D6CE6 /* LaunchScreen.storyboard in Resources */,
				8E47FF602B1E4C04002D6CE6 /* Assets.xcassets in Resources */,
			);
			runOnlyForDeploymentPostprocessing = 0;
		};
		8EB909E42D47D3C5003FFF7A /* Resources */ = {
			isa = PBXResourcesBuildPhase;
			buildActionMask = 2147483647;
			files = (
			);
			runOnlyForDeploymentPostprocessing = 0;
		};
/* End PBXResourcesBuildPhase section */

/* Begin PBXSourcesBuildPhase section */
		8E47FF4F2B1E4C02002D6CE6 /* Sources */ = {
			isa = PBXSourcesBuildPhase;
			buildActionMask = 2147483647;
			files = (
				8EB909C62D479AD9003FFF7A /* FibonacciDetailViewController.swift in Sources */,
				8EB909DC2D47BC78003FFF7A /* MenuSwiftUIView.swift in Sources */,
				8EB909E12D47BF65003FFF7A /* FibonacciViewControllerWrapper.swift in Sources */,
				8EB909D42D47AD4D003FFF7A /* UserResponse.swift in Sources */,
				8E47FF5B2B1E4C02002D6CE6 /* FibonacciViewController.swift in Sources */,
				8EB909CA2D479B9F003FFF7A /* FibonacciCell.swift in Sources */,
				8EB909BB2D479A20003FFF7A /* User.swift in Sources */,
				8EB909DF2D47BE4B003FFF7A /* UserTableViewControllerWrapper.swift in Sources */,
				8EB909BF2D479A3C003FFF7A /* UsersTableViewController.swift in Sources */,
				8EB909D82D47B70F003FFF7A /* UserCell.swift in Sources */,
				8EB909C82D479B2D003FFF7A /* FibonacciDetailViewModel.swift in Sources */,
				8EB909C42D479ABD003FFF7A /* FibonacciViewModel.swift in Sources */,
				8EB909B82D4799E1003FFF7A /* NetworkService.swift in Sources */,
				8E47FF572B1E4C02002D6CE6 /* AppDelegate.swift in Sources */,
				8EB909BD2D479A2C003FFF7A /* UserViewModel.swift in Sources */,
				8E47FF592B1E4C02002D6CE6 /* SceneDelegate.swift in Sources */,
				8EB909D02D47A104003FFF7A /* UIView+Bond.swift in Sources */,
			);
			runOnlyForDeploymentPostprocessing = 0;
		};
		8EB909E22D47D3C5003FFF7A /* Sources */ = {
			isa = PBXSourcesBuildPhase;
			buildActionMask = 2147483647;
			files = (
				8EB909E92D47D3C5003FFF7A /* UserViewModelTests.swift in Sources */,
				8EB909F02D47D3DF003FFF7A /* FibonacciViewModelTests.swift in Sources */,
			);
			runOnlyForDeploymentPostprocessing = 0;
		};
/* End PBXSourcesBuildPhase section */

/* Begin PBXTargetDependency section */
		8EB909EB2D47D3C5003FFF7A /* PBXTargetDependency */ = {
			isa = PBXTargetDependency;
			target = 8E47FF522B1E4C02002D6CE6 /* TableViewTest */;
			targetProxy = 8EB909EA2D47D3C5003FFF7A /* PBXContainerItemProxy */;
		};
/* End PBXTargetDependency section */

/* Begin PBXVariantGroup section */
		8E47FF612B1E4C04002D6CE6 /* LaunchScreen.storyboard */ = {
			isa = PBXVariantGroup;
			children = (
				8E47FF622B1E4C04002D6CE6 /* Base */,
			);
			name = LaunchScreen.storyboard;
			sourceTree = "<group>";
		};
/* End PBXVariantGroup section */

/* Begin XCBuildConfiguration section */
		8E47FF652B1E4C04002D6CE6 /* Debug */ = {
			isa = XCBuildConfiguration;
			buildSettings = {
				ALWAYS_SEARCH_USER_PATHS = NO;
				CLANG_ANALYZER_NONNULL = YES;
				CLANG_ANALYZER_NUMBER_OBJECT_CONVERSION = YES_AGGRESSIVE;
				CLANG_CXX_LANGUAGE_STANDARD = "gnu++20";
				CLANG_ENABLE_MODULES = YES;
				CLANG_ENABLE_OBJC_ARC = YES;
				CLANG_ENABLE_OBJC_WEAK = YES;
				CLANG_WARN_BLOCK_CAPTURE_AUTORELEASING = YES;
				CLANG_WARN_BOOL_CONVERSION = YES;
				CLANG_WARN_COMMA = YES;
				CLANG_WARN_CONSTANT_CONVERSION = YES;
				CLANG_WARN_DEPRECATED_OBJC_IMPLEMENTATIONS = YES;
				CLANG_WARN_DIRECT_OBJC_ISA_USAGE = YES_ERROR;
				CLANG_WARN_DOCUMENTATION_COMMENTS = YES;
				CLANG_WARN_EMPTY_BODY = YES;
				CLANG_WARN_ENUM_CONVERSION = YES;
				CLANG_WARN_INFINITE_RECURSION = YES;
				CLANG_WARN_INT_CONVERSION = YES;
				CLANG_WARN_NON_LITERAL_NULL_CONVERSION = YES;
				CLANG_WARN_OBJC_IMPLICIT_RETAIN_SELF = YES;
				CLANG_WARN_OBJC_LITERAL_CONVERSION = YES;
				CLANG_WARN_OBJC_ROOT_CLASS = YES_ERROR;
				CLANG_WARN_QUOTED_INCLUDE_IN_FRAMEWORK_HEADER = YES;
				CLANG_WARN_RANGE_LOOP_ANALYSIS = YES;
				CLANG_WARN_STRICT_PROTOTYPES = YES;
				CLANG_WARN_SUSPICIOUS_MOVE = YES;
				CLANG_WARN_UNGUARDED_AVAILABILITY = YES_AGGRESSIVE;
				CLANG_WARN_UNREACHABLE_CODE = YES;
				CLANG_WARN__DUPLICATE_METHOD_MATCH = YES;
				COPY_PHASE_STRIP = NO;
				DEBUG_INFORMATION_FORMAT = dwarf;
				ENABLE_STRICT_OBJC_MSGSEND = YES;
				ENABLE_TESTABILITY = YES;
				GCC_C_LANGUAGE_STANDARD = gnu11;
				GCC_DYNAMIC_NO_PIC = NO;
				GCC_NO_COMMON_BLOCKS = YES;
				GCC_OPTIMIZATION_LEVEL = 0;
				GCC_PREPROCESSOR_DEFINITIONS = (
					"DEBUG=1",
					"$(inherited)",
				);
				GCC_WARN_64_TO_32_BIT_CONVERSION = YES;
				GCC_WARN_ABOUT_RETURN_TYPE = YES_ERROR;
				GCC_WARN_UNDECLARED_SELECTOR = YES;
				GCC_WARN_UNINITIALIZED_AUTOS = YES_AGGRESSIVE;
				GCC_WARN_UNUSED_FUNCTION = YES;
				GCC_WARN_UNUSED_VARIABLE = YES;
				IPHONEOS_DEPLOYMENT_TARGET = 16.2;
				MTL_ENABLE_DEBUG_INFO = INCLUDE_SOURCE;
				MTL_FAST_MATH = YES;
				ONLY_ACTIVE_ARCH = YES;
				SDKROOT = iphoneos;
				SWIFT_ACTIVE_COMPILATION_CONDITIONS = DEBUG;
				SWIFT_OPTIMIZATION_LEVEL = "-Onone";
			};
			name = Debug;
		};
		8E47FF662B1E4C04002D6CE6 /* Release */ = {
			isa = XCBuildConfiguration;
			buildSettings = {
				ALWAYS_SEARCH_USER_PATHS = NO;
				CLANG_ANALYZER_NONNULL = YES;
				CLANG_ANALYZER_NUMBER_OBJECT_CONVERSION = YES_AGGRESSIVE;
				CLANG_CXX_LANGUAGE_STANDARD = "gnu++20";
				CLANG_ENABLE_MODULES = YES;
				CLANG_ENABLE_OBJC_ARC = YES;
				CLANG_ENABLE_OBJC_WEAK = YES;
				CLANG_WARN_BLOCK_CAPTURE_AUTORELEASING = YES;
				CLANG_WARN_BOOL_CONVERSION = YES;
				CLANG_WARN_COMMA = YES;
				CLANG_WARN_CONSTANT_CONVERSION = YES;
				CLANG_WARN_DEPRECATED_OBJC_IMPLEMENTATIONS = YES;
				CLANG_WARN_DIRECT_OBJC_ISA_USAGE = YES_ERROR;
				CLANG_WARN_DOCUMENTATION_COMMENTS = YES;
				CLANG_WARN_EMPTY_BODY = YES;
				CLANG_WARN_ENUM_CONVERSION = YES;
				CLANG_WARN_INFINITE_RECURSION = YES;
				CLANG_WARN_INT_CONVERSION = YES;
				CLANG_WARN_NON_LITERAL_NULL_CONVERSION = YES;
				CLANG_WARN_OBJC_IMPLICIT_RETAIN_SELF = YES;
				CLANG_WARN_OBJC_LITERAL_CONVERSION = YES;
				CLANG_WARN_OBJC_ROOT_CLASS = YES_ERROR;
				CLANG_WARN_QUOTED_INCLUDE_IN_FRAMEWORK_HEADER = YES;
				CLANG_WARN_RANGE_LOOP_ANALYSIS = YES;
				CLANG_WARN_STRICT_PROTOTYPES = YES;
				CLANG_WARN_SUSPICIOUS_MOVE = YES;
				CLANG_WARN_UNGUARDED_AVAILABILITY = YES_AGGRESSIVE;
				CLANG_WARN_UNREACHABLE_CODE = YES;
				CLANG_WARN__DUPLICATE_METHOD_MATCH = YES;
				COPY_PHASE_STRIP = NO;
				DEBUG_INFORMATION_FORMAT = "dwarf-with-dsym";
				ENABLE_NS_ASSERTIONS = NO;
				ENABLE_STRICT_OBJC_MSGSEND = YES;
				GCC_C_LANGUAGE_STANDARD = gnu11;
				GCC_NO_COMMON_BLOCKS = YES;
				GCC_WARN_64_TO_32_BIT_CONVERSION = YES;
				GCC_WARN_ABOUT_RETURN_TYPE = YES_ERROR;
				GCC_WARN_UNDECLARED_SELECTOR = YES;
				GCC_WARN_UNINITIALIZED_AUTOS = YES_AGGRESSIVE;
				GCC_WARN_UNUSED_FUNCTION = YES;
				GCC_WARN_UNUSED_VARIABLE = YES;
				IPHONEOS_DEPLOYMENT_TARGET = 16.2;
				MTL_ENABLE_DEBUG_INFO = NO;
				MTL_FAST_MATH = YES;
				SDKROOT = iphoneos;
				SWIFT_COMPILATION_MODE = wholemodule;
				SWIFT_OPTIMIZATION_LEVEL = "-O";
				VALIDATE_PRODUCT = YES;
			};
			name = Release;
		};
		8E47FF682B1E4C04002D6CE6 /* Debug */ = {
			isa = XCBuildConfiguration;
			buildSettings = {
				ASSETCATALOG_COMPILER_APPICON_NAME = AppIcon;
				ASSETCATALOG_COMPILER_GLOBAL_ACCENT_COLOR_NAME = AccentColor;
				CODE_SIGN_STYLE = Automatic;
				CURRENT_PROJECT_VERSION = 1;
				GENERATE_INFOPLIST_FILE = YES;
				INFOPLIST_FILE = TableViewTest/Info.plist;
				INFOPLIST_KEY_UIApplicationSupportsIndirectInputEvents = YES;
				INFOPLIST_KEY_UILaunchStoryboardName = LaunchScreen;
				INFOPLIST_KEY_UISupportedInterfaceOrientations_iPad = "UIInterfaceOrientationPortrait UIInterfaceOrientationPortraitUpsideDown UIInterfaceOrientationLandscapeLeft UIInterfaceOrientationLandscapeRight";
				INFOPLIST_KEY_UISupportedInterfaceOrientations_iPhone = "UIInterfaceOrientationPortrait UIInterfaceOrientationLandscapeLeft UIInterfaceOrientationLandscapeRight";
				LD_RUNPATH_SEARCH_PATHS = (
					"$(inherited)",
					"@executable_path/Frameworks",
				);
				MARKETING_VERSION = 1.0;
				PRODUCT_BUNDLE_IDENTIFIER = com.tw.test.TableViewTest;
				PRODUCT_NAME = "$(TARGET_NAME)";
				SWIFT_EMIT_LOC_STRINGS = YES;
				SWIFT_VERSION = 5.0;
				TARGETED_DEVICE_FAMILY = "1,2";
			};
			name = Debug;
		};
		8E47FF692B1E4C04002D6CE6 /* Release */ = {
			isa = XCBuildConfiguration;
			buildSettings = {
				ASSETCATALOG_COMPILER_APPICON_NAME = AppIcon;
				ASSETCATALOG_COMPILER_GLOBAL_ACCENT_COLOR_NAME = AccentColor;
				CODE_SIGN_STYLE = Automatic;
				CURRENT_PROJECT_VERSION = 1;
				GENERATE_INFOPLIST_FILE = YES;
				INFOPLIST_FILE = TableViewTest/Info.plist;
				INFOPLIST_KEY_UIApplicationSupportsIndirectInputEvents = YES;
				INFOPLIST_KEY_UILaunchStoryboardName = LaunchScreen;
				INFOPLIST_KEY_UISupportedInterfaceOrientations_iPad = "UIInterfaceOrientationPortrait UIInterfaceOrientationPortraitUpsideDown UIInterfaceOrientationLandscapeLeft UIInterfaceOrientationLandscapeRight";
				INFOPLIST_KEY_UISupportedInterfaceOrientations_iPhone = "UIInterfaceOrientationPortrait UIInterfaceOrientationLandscapeLeft UIInterfaceOrientationLandscapeRight";
				LD_RUNPATH_SEARCH_PATHS = (
					"$(inherited)",
					"@executable_path/Frameworks",
				);
				MARKETING_VERSION = 1.0;
				PRODUCT_BUNDLE_IDENTIFIER = com.tw.test.TableViewTest;
				PRODUCT_NAME = "$(TARGET_NAME)";
				SWIFT_EMIT_LOC_STRINGS = YES;
				SWIFT_VERSION = 5.0;
				TARGETED_DEVICE_FAMILY = "1,2";
			};
			name = Release;
		};
		8EB909ED2D47D3C5003FFF7A /* Debug */ = {
			isa = XCBuildConfiguration;
			buildSettings = {
				ASSETCATALOG_COMPILER_GENERATE_SWIFT_ASSET_SYMBOL_EXTENSIONS = YES;
				BUNDLE_LOADER = "$(TEST_HOST)";
				CODE_SIGN_STYLE = Automatic;
				CURRENT_PROJECT_VERSION = 1;
				DEVELOPMENT_TEAM = X3L9YG9572;
				ENABLE_USER_SCRIPT_SANDBOXING = YES;
				GCC_C_LANGUAGE_STANDARD = gnu17;
				GENERATE_INFOPLIST_FILE = YES;
				IPHONEOS_DEPLOYMENT_TARGET = 17.5;
				LOCALIZATION_PREFERS_STRING_CATALOGS = YES;
				MARKETING_VERSION = 1.0;
				PRODUCT_BUNDLE_IDENTIFIER = com.test.TableViewTestTests;
				PRODUCT_NAME = "$(TARGET_NAME)";
				SWIFT_ACTIVE_COMPILATION_CONDITIONS = "DEBUG $(inherited)";
				SWIFT_EMIT_LOC_STRINGS = NO;
				SWIFT_VERSION = 5.0;
				TARGETED_DEVICE_FAMILY = "1,2";
				TEST_HOST = "$(BUILT_PRODUCTS_DIR)/TableViewTest.app/$(BUNDLE_EXECUTABLE_FOLDER_PATH)/TableViewTest";
			};
			name = Debug;
		};
		8EB909EE2D47D3C5003FFF7A /* Release */ = {
			isa = XCBuildConfiguration;
			buildSettings = {
				ASSETCATALOG_COMPILER_GENERATE_SWIFT_ASSET_SYMBOL_EXTENSIONS = YES;
				BUNDLE_LOADER = "$(TEST_HOST)";
				CODE_SIGN_STYLE = Automatic;
				CURRENT_PROJECT_VERSION = 1;
				DEVELOPMENT_TEAM = X3L9YG9572;
				ENABLE_USER_SCRIPT_SANDBOXING = YES;
				GCC_C_LANGUAGE_STANDARD = gnu17;
				GENERATE_INFOPLIST_FILE = YES;
				IPHONEOS_DEPLOYMENT_TARGET = 17.5;
				LOCALIZATION_PREFERS_STRING_CATALOGS = YES;
				MARKETING_VERSION = 1.0;
				PRODUCT_BUNDLE_IDENTIFIER = com.test.TableViewTestTests;
				PRODUCT_NAME = "$(TARGET_NAME)";
				SWIFT_EMIT_LOC_STRINGS = NO;
				SWIFT_VERSION = 5.0;
				TARGETED_DEVICE_FAMILY = "1,2";
				TEST_HOST = "$(BUILT_PRODUCTS_DIR)/TableViewTest.app/$(BUNDLE_EXECUTABLE_FOLDER_PATH)/TableViewTest";
			};
			name = Release;
		};
/* End XCBuildConfiguration section */

/* Begin XCConfigurationList section */
		8E47FF4E2B1E4C02002D6CE6 /* Build configuration list for PBXProject "TableViewTest" */ = {
			isa = XCConfigurationList;
			buildConfigurations = (
				8E47FF652B1E4C04002D6CE6 /* Debug */,
				8E47FF662B1E4C04002D6CE6 /* Release */,
			);
			defaultConfigurationIsVisible = 0;
			defaultConfigurationName = Release;
		};
		8E47FF672B1E4C04002D6CE6 /* Build configuration list for PBXNativeTarget "TableViewTest" */ = {
			isa = XCConfigurationList;
			buildConfigurations = (
				8E47FF682B1E4C04002D6CE6 /* Debug */,
				8E47FF692B1E4C04002D6CE6 /* Release */,
			);
			defaultConfigurationIsVisible = 0;
			defaultConfigurationName = Release;
		};
		8EB909EC2D47D3C5003FFF7A /* Build configuration list for PBXNativeTarget "TableViewTestTests" */ = {
			isa = XCConfigurationList;
			buildConfigurations = (
				8EB909ED2D47D3C5003FFF7A /* Debug */,
				8EB909EE2D47D3C5003FFF7A /* Release */,
			);
			defaultConfigurationIsVisible = 0;
			defaultConfigurationName = Release;
		};
/* End XCConfigurationList section */
	};
	rootObject = 8E47FF4B2B1E4C02002D6CE6 /* Project object */;
}
